lockfileVersion: '9.0'

settings:
  autoInstallPeers: true
  excludeLinksFromLockfile: false

importers:

  .:
    dependencies:
      '@vant/weapp':
        specifier: ^1.11.6
        version: 1.11.6
      crypto-js:
        specifier: ^4.1.1
        version: 4.2.0

packages:

  '@vant/weapp@1.11.6':
    resolution: {integrity: sha512-a3heReWYT2gNdsyj6x1hBwsM8V8NrjcPAmle86NH2CD2V/i/h0le75piW6KntSfOPCwekVWMBKhysNrBpJeKdw==}

  crypto-js@4.2.0:
    resolution: {integrity: sha512-KALDyEYgpY+Rlob/iriUtjV6d5Eq+Y191A5g4UqLAi8CyGP9N1+FdVbkc1SxKc2r4YAYqG8JzO2KGL+AizD70Q==}

snapshots:

  '@vant/weapp@1.11.6': {}

  crypto-js@4.2.0: {}
